// !$*UTF8*$!
{
	archiveVersion = 1;
	classes = {
	};
	objectVersion = 56;
	objects = {

/* Begin PBXBuildFile section */
		7647729C2AFD56F4009CAE3D /* Tell_me_a_JokeApp.swift in Sources */ = {isa = PBXBuildFile; fileRef = 7647729B2AFD56F4009CAE3D /* Tell_me_a_JokeApp.swift */; };
		7647729E2AFD56F4009CAE3D /* ContentView.swift in Sources */ = {isa = PBXBuildFile; fileRef = 7647729D2AFD56F4009CAE3D /* ContentView.swift */; };
		764772A22AFD56F5009CAE3D /* Assets.xcassets in Resources */ = {isa = PBXBuildFile; fileRef = 764772A12AFD56F5009CAE3D /* Assets.xcassets */; };
		764772A52AFD56F5009CAE3D /* Preview Assets.xcassets in Resources */ = {isa = PBXBuildFile; fileRef = 764772A42AFD56F5009CAE3D /* Preview Assets.xcassets */; };
		764772AD2AFD5729009CAE3D /* Alamofire in Frameworks */ = {isa = PBXBuildFile; productRef = 764772AC2AFD5729009CAE3D /* Alamofire */; };
		764772B52AFD5B55009CAE3D /* JokeEntity.swift in Sources */ = {isa = PBXBuildFile; fileRef = 764772B42AFD5B55009CAE3D /* JokeEntity.swift */; };
		764772B72AFD5EE8009CAE3D /* JokeDto.swift in Sources */ = {isa = PBXBuildFile; fileRef = 764772B62AFD5EE8009CAE3D /* JokeDto.swift */; };
		764772B92AFD6F06009CAE3D /* GenericService.swift in Sources */ = {isa = PBXBuildFile; fileRef = 764772B82AFD6F06009CAE3D /* GenericService.swift */; };
		764AA65C2B0001C7001EAFD9 /* JokeService.swift in Sources */ = {isa = PBXBuildFile; fileRef = 764AA65B2B0001C7001EAFD9 /* JokeService.swift */; };
		764AA65F2B000527001EAFD9 /* JokeScreen.swift in Sources */ = {isa = PBXBuildFile; fileRef = 764AA65E2B000527001EAFD9 /* JokeScreen.swift */; };
		764AA6622B0005C0001EAFD9 /* FavoriteJokeListScreen.swift in Sources */ = {isa = PBXBuildFile; fileRef = 764AA6612B0005C0001EAFD9 /* FavoriteJokeListScreen.swift */; };
		764AA6642B000A4C001EAFD9 /* JokeViewModel.swift in Sources */ = {isa = PBXBuildFile; fileRef = 764AA6632B000A4C001EAFD9 /* JokeViewModel.swift */; };
		76C87EF92B03D12900943C87 /* JokeCell.swift in Sources */ = {isa = PBXBuildFile; fileRef = 76C87EF82B03D12900943C87 /* JokeCell.swift */; };
		76C87EFE2B03D6F200943C87 /* RatingFavoriteView.swift in Sources */ = {isa = PBXBuildFile; fileRef = 76C87EFD2B03D6F200943C87 /* RatingFavoriteView.swift */; };
		76C87F002B03E5F200943C87 /* FavoritedJokeCell.swift in Sources */ = {isa = PBXBuildFile; fileRef = 76C87EFF2B03E5F200943C87 /* FavoritedJokeCell.swift */; };
		76C87F022B03E62700943C87 /* ShowRatingView.swift in Sources */ = {isa = PBXBuildFile; fileRef = 76C87F012B03E62700943C87 /* ShowRatingView.swift */; };
/* End PBXBuildFile section */

/* Begin PBXFileReference section */
		764772982AFD56F4009CAE3D /* Tell me a Joke.app */ = {isa = PBXFileReference; explicitFileType = wrapper.application; includeInIndex = 0; path = "Tell me a Joke.app"; sourceTree = BUILT_PRODUCTS_DIR; };
		7647729B2AFD56F4009CAE3D /* Tell_me_a_JokeApp.swift */ = {isa = PBXFileReference; lastKnownFileType = sourcecode.swift; path = Tell_me_a_JokeApp.swift; sourceTree = "<group>"; };
		7647729D2AFD56F4009CAE3D /* ContentView.swift */ = {isa = PBXFileReference; lastKnownFileType = sourcecode.swift; path = ContentView.swift; sourceTree = "<group>"; };
		764772A12AFD56F5009CAE3D /* Assets.xcassets */ = {isa = PBXFileReference; lastKnownFileType = folder.assetcatalog; path = Assets.xcassets; sourceTree = "<group>"; };
		764772A42AFD56F5009CAE3D /* Preview Assets.xcassets */ = {isa = PBXFileReference; lastKnownFileType = folder.assetcatalog; path = "Preview Assets.xcassets"; sourceTree = "<group>"; };
		764772B42AFD5B55009CAE3D /* JokeEntity.swift */ = {isa = PBXFileReference; lastKnownFileType = sourcecode.swift; path = JokeEntity.swift; sourceTree = "<group>"; };
		764772B62AFD5EE8009CAE3D /* JokeDto.swift */ = {isa = PBXFileReference; lastKnownFileType = sourcecode.swift; path = JokeDto.swift; sourceTree = "<group>"; };
		764772B82AFD6F06009CAE3D /* GenericService.swift */ = {isa = PBXFileReference; lastKnownFileType = sourcecode.swift; path = GenericService.swift; sourceTree = "<group>"; };
		764AA65B2B0001C7001EAFD9 /* JokeService.swift */ = {isa = PBXFileReference; lastKnownFileType = sourcecode.swift; path = JokeService.swift; sourceTree = "<group>"; };
		764AA65E2B000527001EAFD9 /* JokeScreen.swift */ = {isa = PBXFileReference; lastKnownFileType = sourcecode.swift; path = JokeScreen.swift; sourceTree = "<group>"; };
		764AA6612B0005C0001EAFD9 /* FavoriteJokeListScreen.swift */ = {isa = PBXFileReference; lastKnownFileType = sourcecode.swift; path = FavoriteJokeListScreen.swift; sourceTree = "<group>"; };
		764AA6632B000A4C001EAFD9 /* JokeViewModel.swift */ = {isa = PBXFileReference; lastKnownFileType = sourcecode.swift; path = JokeViewModel.swift; sourceTree = "<group>"; };
		76C87EF82B03D12900943C87 /* JokeCell.swift */ = {isa = PBXFileReference; lastKnownFileType = sourcecode.swift; path = JokeCell.swift; sourceTree = "<group>"; };
		76C87EFD2B03D6F200943C87 /* RatingFavoriteView.swift */ = {isa = PBXFileReference; lastKnownFileType = sourcecode.swift; path = RatingFavoriteView.swift; sourceTree = "<group>"; };
		76C87EFF2B03E5F200943C87 /* FavoritedJokeCell.swift */ = {isa = PBXFileReference; lastKnownFileType = sourcecode.swift; path = FavoritedJokeCell.swift; sourceTree = "<group>"; };
		76C87F012B03E62700943C87 /* ShowRatingView.swift */ = {isa = PBXFileReference; lastKnownFileType = sourcecode.swift; path = ShowRatingView.swift; sourceTree = "<group>"; };
/* End PBXFileReference section */

/* Begin PBXFrameworksBuildPhase section */
		764772952AFD56F4009CAE3D /* Frameworks */ = {
			isa = PBXFrameworksBuildPhase;
			buildActionMask = 2147483647;
			files = (
				764772AD2AFD5729009CAE3D /* Alamofire in Frameworks */,
			);
			runOnlyForDeploymentPostprocessing = 0;
		};
/* End PBXFrameworksBuildPhase section */

/* Begin PBXGroup section */
		7647728F2AFD56F4009CAE3D = {
			isa = PBXGroup;
			children = (
				7647729A2AFD56F4009CAE3D /* Tell me a Joke */,
				764772992AFD56F4009CAE3D /* Products */,
			);
			sourceTree = "<group>";
		};
		764772992AFD56F4009CAE3D /* Products */ = {
			isa = PBXGroup;
			children = (
				764772982AFD56F4009CAE3D /* Tell me a Joke.app */,
			);
			name = Products;
			sourceTree = "<group>";
		};
		7647729A2AFD56F4009CAE3D /* Tell me a Joke */ = {
			isa = PBXGroup;
			children = (
				764772AE2AFD592A009CAE3D /* data */,
				764772B02AFD594C009CAE3D /* presenter */,
				7647729B2AFD56F4009CAE3D /* Tell_me_a_JokeApp.swift */,
				764772A12AFD56F5009CAE3D /* Assets.xcassets */,
				764772A32AFD56F5009CAE3D /* Preview Content */,
			);
			path = "Tell me a Joke";
			sourceTree = "<group>";
		};
		764772A32AFD56F5009CAE3D /* Preview Content */ = {
			isa = PBXGroup;
			children = (
				764772A42AFD56F5009CAE3D /* Preview Assets.xcassets */,
			);
			path = "Preview Content";
			sourceTree = "<group>";
		};
		764772AE2AFD592A009CAE3D /* data */ = {
			isa = PBXGroup;
			children = (
				764772BA2AFD6F2F009CAE3D /* service */,
				764772B22AFD5ABD009CAE3D /* entity */,
				764772B12AFD5AAE009CAE3D /* dto */,
			);
			path = data;
			sourceTree = "<group>";
		};
		764772B02AFD594C009CAE3D /* presenter */ = {
			isa = PBXGroup;
			children = (
				76C87EFC2B03D6D500943C87 /* components */,
				76C87EF72B03D08100943C87 /* cell */,
				764AA6602B000542001EAFD9 /* favoriteJokeListScreen */,
				764AA65D2B0004D2001EAFD9 /* jokeScreen */,
				7647729D2AFD56F4009CAE3D /* ContentView.swift */,
			);
			path = presenter;
			sourceTree = "<group>";
		};
		764772B12AFD5AAE009CAE3D /* dto */ = {
			isa = PBXGroup;
			children = (
				764772B62AFD5EE8009CAE3D /* JokeDto.swift */,
			);
			path = dto;
			sourceTree = "<group>";
		};
		764772B22AFD5ABD009CAE3D /* entity */ = {
			isa = PBXGroup;
			children = (
				764772B42AFD5B55009CAE3D /* JokeEntity.swift */,
			);
			path = entity;
			sourceTree = "<group>";
		};
		764772BA2AFD6F2F009CAE3D /* service */ = {
			isa = PBXGroup;
			children = (
				764772B82AFD6F06009CAE3D /* GenericService.swift */,
				764AA65B2B0001C7001EAFD9 /* JokeService.swift */,
			);
			path = service;
			sourceTree = "<group>";
		};
		764AA65D2B0004D2001EAFD9 /* jokeScreen */ = {
			isa = PBXGroup;
			children = (
				764AA65E2B000527001EAFD9 /* JokeScreen.swift */,
				764AA6632B000A4C001EAFD9 /* JokeViewModel.swift */,
			);
			path = jokeScreen;
			sourceTree = "<group>";
		};
		764AA6602B000542001EAFD9 /* favoriteJokeListScreen */ = {
			isa = PBXGroup;
			children = (
				764AA6612B0005C0001EAFD9 /* FavoriteJokeListScreen.swift */,
			);
			path = favoriteJokeListScreen;
			sourceTree = "<group>";
		};
		76C87EF72B03D08100943C87 /* cell */ = {
			isa = PBXGroup;
			children = (
				76C87EF82B03D12900943C87 /* JokeCell.swift */,
				76C87EFF2B03E5F200943C87 /* FavoritedJokeCell.swift */,
			);
			path = cell;
			sourceTree = "<group>";
		};
		76C87EFC2B03D6D500943C87 /* components */ = {
			isa = PBXGroup;
			children = (
				76C87EFD2B03D6F200943C87 /* RatingFavoriteView.swift */,
				76C87F012B03E62700943C87 /* ShowRatingView.swift */,
			);
			path = components;
			sourceTree = "<group>";
		};
/* End PBXGroup section */

/* Begin PBXNativeTarget section */
		764772972AFD56F4009CAE3D /* Tell me a Joke */ = {
			isa = PBXNativeTarget;
			buildConfigurationList = 764772A82AFD56F5009CAE3D /* Build configuration list for PBXNativeTarget "Tell me a Joke" */;
			buildPhases = (
				764772942AFD56F4009CAE3D /* Sources */,
				764772952AFD56F4009CAE3D /* Frameworks */,
				764772962AFD56F4009CAE3D /* Resources */,
			);
			buildRules = (
			);
			dependencies = (
			);
			name = "Tell me a Joke";
			packageProductDependencies = (
				764772AC2AFD5729009CAE3D /* Alamofire */,
			);
			productName = "Tell me a Joke";
			productReference = 764772982AFD56F4009CAE3D /* Tell me a Joke.app */;
			productType = "com.apple.product-type.application";
		};
/* End PBXNativeTarget section */

/* Begin PBXProject section */
		764772902AFD56F4009CAE3D /* Project object */ = {
			isa = PBXProject;
			attributes = {
				BuildIndependentTargetsInParallel = 1;
				LastSwiftUpdateCheck = 1500;
				LastUpgradeCheck = 1500;
				TargetAttributes = {
					764772972AFD56F4009CAE3D = {
						CreatedOnToolsVersion = 15.0.1;
					};
				};
			};
			buildConfigurationList = 764772932AFD56F4009CAE3D /* Build configuration list for PBXProject "Tell me a Joke" */;
			compatibilityVersion = "Xcode 14.0";
			developmentRegion = en;
			hasScannedForEncodings = 0;
			knownRegions = (
				en,
				Base,
			);
			mainGroup = 7647728F2AFD56F4009CAE3D;
			packageReferences = (
				764772AB2AFD5729009CAE3D /* XCRemoteSwiftPackageReference "Alamofire" */,
			);
			productRefGroup = 764772992AFD56F4009CAE3D /* Products */;
			projectDirPath = "";
			projectRoot = "";
			targets = (
				764772972AFD56F4009CAE3D /* Tell me a Joke */,
			);
		};
/* End PBXProject section */

/* Begin PBXResourcesBuildPhase section */
		764772962AFD56F4009CAE3D /* Resources */ = {
			isa = PBXResourcesBuildPhase;
			buildActionMask = 2147483647;
			files = (
				764772A52AFD56F5009CAE3D /* Preview Assets.xcassets in Resources */,
				764772A22AFD56F5009CAE3D /* Assets.xcassets in Resources */,
			);
			runOnlyForDeploymentPostprocessing = 0;
		};
/* End PBXResourcesBuildPhase section */

/* Begin PBXSourcesBuildPhase section */
		764772942AFD56F4009CAE3D /* Sources */ = {
			isa = PBXSourcesBuildPhase;
			buildActionMask = 2147483647;
			files = (
				76C87EFE2B03D6F200943C87 /* RatingFavoriteView.swift in Sources */,
				764772B72AFD5EE8009CAE3D /* JokeDto.swift in Sources */,
				7647729E2AFD56F4009CAE3D /* ContentView.swift in Sources */,
				76C87F002B03E5F200943C87 /* FavoritedJokeCell.swift in Sources */,
				764772B52AFD5B55009CAE3D /* JokeEntity.swift in Sources */,
				764AA65F2B000527001EAFD9 /* JokeScreen.swift in Sources */,
				764AA6642B000A4C001EAFD9 /* JokeViewModel.swift in Sources */,
				764AA6622B0005C0001EAFD9 /* FavoriteJokeListScreen.swift in Sources */,
				76C87F022B03E62700943C87 /* ShowRatingView.swift in Sources */,
				76C87EF92B03D12900943C87 /* JokeCell.swift in Sources */,
				764AA65C2B0001C7001EAFD9 /* JokeService.swift in Sources */,
				764772B92AFD6F06009CAE3D /* GenericService.swift in Sources */,
				7647729C2AFD56F4009CAE3D /* Tell_me_a_JokeApp.swift in Sources */,
			);
			runOnlyForDeploymentPostprocessing = 0;
		};
/* End PBXSourcesBuildPhase section */

/* Begin XCBuildConfiguration section */
		764772A62AFD56F5009CAE3D /* Debug */ = {
			isa = XCBuildConfiguration;
			buildSettings = {
				ALWAYS_SEARCH_USER_PATHS = NO;
				ASSETCATALOG_COMPILER_GENERATE_SWIFT_ASSET_SYMBOL_EXTENSIONS = YES;
				CLANG_ANALYZER_NONNULL = YES;
				CLANG_ANALYZER_NUMBER_OBJECT_CONVERSION = YES_AGGRESSIVE;
				CLANG_CXX_LANGUAGE_STANDARD = "gnu++20";
				CLANG_ENABLE_MODULES = YES;
				CLANG_ENABLE_OBJC_ARC = YES;
				CLANG_ENABLE_OBJC_WEAK = YES;
				CLANG_WARN_BLOCK_CAPTURE_AUTORELEASING = YES;
				CLANG_WARN_BOOL_CONVERSION = YES;
				CLANG_WARN_COMMA = YES;
				CLANG_WARN_CONSTANT_CONVERSION = YES;
				CLANG_WARN_DEPRECATED_OBJC_IMPLEMENTATIONS = YES;
				CLANG_WARN_DIRECT_OBJC_ISA_USAGE = YES_ERROR;
				CLANG_WARN_DOCUMENTATION_COMMENTS = YES;
				CLANG_WARN_EMPTY_BODY = YES;
				CLANG_WARN_ENUM_CONVERSION = YES;
				CLANG_WARN_INFINITE_RECURSION = YES;
				CLANG_WARN_INT_CONVERSION = YES;
				CLANG_WARN_NON_LITERAL_NULL_CONVERSION = YES;
				CLANG_WARN_OBJC_IMPLICIT_RETAIN_SELF = YES;
				CLANG_WARN_OBJC_LITERAL_CONVERSION = YES;
				CLANG_WARN_OBJC_ROOT_CLASS = YES_ERROR;
				CLANG_WARN_QUOTED_INCLUDE_IN_FRAMEWORK_HEADER = YES;
				CLANG_WARN_RANGE_LOOP_ANALYSIS = YES;
				CLANG_WARN_STRICT_PROTOTYPES = YES;
				CLANG_WARN_SUSPICIOUS_MOVE = YES;
				CLANG_WARN_UNGUARDED_AVAILABILITY = YES_AGGRESSIVE;
				CLANG_WARN_UNREACHABLE_CODE = YES;
				CLANG_WARN__DUPLICATE_METHOD_MATCH = YES;
				COPY_PHASE_STRIP = NO;
				DEBUG_INFORMATION_FORMAT = dwarf;
				ENABLE_STRICT_OBJC_MSGSEND = YES;
				ENABLE_TESTABILITY = YES;
				ENABLE_USER_SCRIPT_SANDBOXING = YES;
				GCC_C_LANGUAGE_STANDARD = gnu17;
				GCC_DYNAMIC_NO_PIC = NO;
				GCC_NO_COMMON_BLOCKS = YES;
				GCC_OPTIMIZATION_LEVEL = 0;
				GCC_PREPROCESSOR_DEFINITIONS = (
					"DEBUG=1",
					"$(inherited)",
				);
				GCC_WARN_64_TO_32_BIT_CONVERSION = YES;
				GCC_WARN_ABOUT_RETURN_TYPE = YES_ERROR;
				GCC_WARN_UNDECLARED_SELECTOR = YES;
				GCC_WARN_UNINITIALIZED_AUTOS = YES_AGGRESSIVE;
				GCC_WARN_UNUSED_FUNCTION = YES;
				GCC_WARN_UNUSED_VARIABLE = YES;
				IPHONEOS_DEPLOYMENT_TARGET = 17.0;
				LOCALIZATION_PREFERS_STRING_CATALOGS = YES;
				MTL_ENABLE_DEBUG_INFO = INCLUDE_SOURCE;
				MTL_FAST_MATH = YES;
				ONLY_ACTIVE_ARCH = YES;
				SDKROOT = iphoneos;
				SWIFT_ACTIVE_COMPILATION_CONDITIONS = "DEBUG $(inherited)";
				SWIFT_OPTIMIZATION_LEVEL = "-Onone";
			};
			name = Debug;
		};
		764772A72AFD56F5009CAE3D /* Release */ = {
			isa = XCBuildConfiguration;
			buildSettings = {
				ALWAYS_SEARCH_USER_PATHS = NO;
				ASSETCATALOG_COMPILER_GENERATE_SWIFT_ASSET_SYMBOL_EXTENSIONS = YES;
				CLANG_ANALYZER_NONNULL = YES;
				CLANG_ANALYZER_NUMBER_OBJECT_CONVERSION = YES_AGGRESSIVE;
				CLANG_CXX_LANGUAGE_STANDARD = "gnu++20";
				CLANG_ENABLE_MODULES = YES;
				CLANG_ENABLE_OBJC_ARC = YES;
				CLANG_ENABLE_OBJC_WEAK = YES;
				CLANG_WARN_BLOCK_CAPTURE_AUTORELEASING = YES;
				CLANG_WARN_BOOL_CONVERSION = YES;
				CLANG_WARN_COMMA = YES;
				CLANG_WARN_CONSTANT_CONVERSION = YES;
				CLANG_WARN_DEPRECATED_OBJC_IMPLEMENTATIONS = YES;
				CLANG_WARN_DIRECT_OBJC_ISA_USAGE = YES_ERROR;
				CLANG_WARN_DOCUMENTATION_COMMENTS = YES;
				CLANG_WARN_EMPTY_BODY = YES;
				CLANG_WARN_ENUM_CONVERSION = YES;
				CLANG_WARN_INFINITE_RECURSION = YES;
				CLANG_WARN_INT_CONVERSION = YES;
				CLANG_WARN_NON_LITERAL_NULL_CONVERSION = YES;
				CLANG_WARN_OBJC_IMPLICIT_RETAIN_SELF = YES;
				CLANG_WARN_OBJC_LITERAL_CONVERSION = YES;
				CLANG_WARN_OBJC_ROOT_CLASS = YES_ERROR;
				CLANG_WARN_QUOTED_INCLUDE_IN_FRAMEWORK_HEADER = YES;
				CLANG_WARN_RANGE_LOOP_ANALYSIS = YES;
				CLANG_WARN_STRICT_PROTOTYPES = YES;
				CLANG_WARN_SUSPICIOUS_MOVE = YES;
				CLANG_WARN_UNGUARDED_AVAILABILITY = YES_AGGRESSIVE;
				CLANG_WARN_UNREACHABLE_CODE = YES;
				CLANG_WARN__DUPLICATE_METHOD_MATCH = YES;
				COPY_PHASE_STRIP = NO;
				DEBUG_INFORMATION_FORMAT = "dwarf-with-dsym";
				ENABLE_NS_ASSERTIONS = NO;
				ENABLE_STRICT_OBJC_MSGSEND = YES;
				ENABLE_USER_SCRIPT_SANDBOXING = YES;
				GCC_C_LANGUAGE_STANDARD = gnu17;
				GCC_NO_COMMON_BLOCKS = YES;
				GCC_WARN_64_TO_32_BIT_CONVERSION = YES;
				GCC_WARN_ABOUT_RETURN_TYPE = YES_ERROR;
				GCC_WARN_UNDECLARED_SELECTOR = YES;
				GCC_WARN_UNINITIALIZED_AUTOS = YES_AGGRESSIVE;
				GCC_WARN_UNUSED_FUNCTION = YES;
				GCC_WARN_UNUSED_VARIABLE = YES;
				IPHONEOS_DEPLOYMENT_TARGET = 17.0;
				LOCALIZATION_PREFERS_STRING_CATALOGS = YES;
				MTL_ENABLE_DEBUG_INFO = NO;
				MTL_FAST_MATH = YES;
				SDKROOT = iphoneos;
				SWIFT_COMPILATION_MODE = wholemodule;
				VALIDATE_PRODUCT = YES;
			};
			name = Release;
		};
		764772A92AFD56F5009CAE3D /* Debug */ = {
			isa = XCBuildConfiguration;
			buildSettings = {
				ASSETCATALOG_COMPILER_APPICON_NAME = AppIcon;
				ASSETCATALOG_COMPILER_GLOBAL_ACCENT_COLOR_NAME = AccentColor;
				CODE_SIGN_STYLE = Automatic;
				CURRENT_PROJECT_VERSION = 1;
				DEVELOPMENT_ASSET_PATHS = "\"Tell me a Joke/Preview Content\"";
				ENABLE_PREVIEWS = YES;
				GENERATE_INFOPLIST_FILE = YES;
				INFOPLIST_KEY_UIApplicationSceneManifest_Generation = YES;
				INFOPLIST_KEY_UIApplicationSupportsIndirectInputEvents = YES;
				INFOPLIST_KEY_UILaunchScreen_Generation = YES;
				INFOPLIST_KEY_UISupportedInterfaceOrientations_iPad = "UIInterfaceOrientationPortrait UIInterfaceOrientationPortraitUpsideDown UIInterfaceOrientationLandscapeLeft UIInterfaceOrientationLandscapeRight";
				INFOPLIST_KEY_UISupportedInterfaceOrientations_iPhone = "UIInterfaceOrientationPortrait UIInterfaceOrientationLandscapeLeft UIInterfaceOrientationLandscapeRight";
				LD_RUNPATH_SEARCH_PATHS = (
					"$(inherited)",
					"@executable_path/Frameworks",
				);
				MARKETING_VERSION = 1.0;
				PRODUCT_BUNDLE_IDENTIFIER = "johan.kovalsikoski.Tell-me-a-Joke";
				PRODUCT_NAME = "$(TARGET_NAME)";
				SWIFT_EMIT_LOC_STRINGS = YES;
				SWIFT_VERSION = 5.0;
				TARGETED_DEVICE_FAMILY = "1,2";
			};
			name = Debug;
		};
		764772AA2AFD56F5009CAE3D /* Release */ = {
			isa = XCBuildConfiguration;
			buildSettings = {
				ASSETCATALOG_COMPILER_APPICON_NAME = AppIcon;
				ASSETCATALOG_COMPILER_GLOBAL_ACCENT_COLOR_NAME = AccentColor;
				CODE_SIGN_STYLE = Automatic;
				CURRENT_PROJECT_VERSION = 1;
				DEVELOPMENT_ASSET_PATHS = "\"Tell me a Joke/Preview Content\"";
				ENABLE_PREVIEWS = YES;
				GENERATE_INFOPLIST_FILE = YES;
				INFOPLIST_KEY_UIApplicationSceneManifest_Generation = YES;
				INFOPLIST_KEY_UIApplicationSupportsIndirectInputEvents = YES;
				INFOPLIST_KEY_UILaunchScreen_Generation = YES;
				INFOPLIST_KEY_UISupportedInterfaceOrientations_iPad = "UIInterfaceOrientationPortrait UIInterfaceOrientationPortraitUpsideDown UIInterfaceOrientationLandscapeLeft UIInterfaceOrientationLandscapeRight";
				INFOPLIST_KEY_UISupportedInterfaceOrientations_iPhone = "UIInterfaceOrientationPortrait UIInterfaceOrientationLandscapeLeft UIInterfaceOrientationLandscapeRight";
				LD_RUNPATH_SEARCH_PATHS = (
					"$(inherited)",
					"@executable_path/Frameworks",
				);
				MARKETING_VERSION = 1.0;
				PRODUCT_BUNDLE_IDENTIFIER = "johan.kovalsikoski.Tell-me-a-Joke";
				PRODUCT_NAME = "$(TARGET_NAME)";
				SWIFT_EMIT_LOC_STRINGS = YES;
				SWIFT_VERSION = 5.0;
				TARGETED_DEVICE_FAMILY = "1,2";
			};
			name = Release;
		};
/* End XCBuildConfiguration section */

/* Begin XCConfigurationList section */
		764772932AFD56F4009CAE3D /* Build configuration list for PBXProject "Tell me a Joke" */ = {
			isa = XCConfigurationList;
			buildConfigurations = (
				764772A62AFD56F5009CAE3D /* Debug */,
				764772A72AFD56F5009CAE3D /* Release */,
			);
			defaultConfigurationIsVisible = 0;
			defaultConfigurationName = Release;
		};
		764772A82AFD56F5009CAE3D /* Build configuration list for PBXNativeTarget "Tell me a Joke" */ = {
			isa = XCConfigurationList;
			buildConfigurations = (
				764772A92AFD56F5009CAE3D /* Debug */,
				764772AA2AFD56F5009CAE3D /* Release */,
			);
			defaultConfigurationIsVisible = 0;
			defaultConfigurationName = Release;
		};
/* End XCConfigurationList section */

/* Begin XCRemoteSwiftPackageReference section */
		764772AB2AFD5729009CAE3D /* XCRemoteSwiftPackageReference "Alamofire" */ = {
			isa = XCRemoteSwiftPackageReference;
			repositoryURL = "https://github.com/Alamofire/Alamofire";
			requirement = {
				kind = upToNextMajorVersion;
				minimumVersion = 5.8.1;
			};
		};
/* End XCRemoteSwiftPackageReference section */

/* Begin XCSwiftPackageProductDependency section */
		764772AC2AFD5729009CAE3D /* Alamofire */ = {
			isa = XCSwiftPackageProductDependency;
			package = 764772AB2AFD5729009CAE3D /* XCRemoteSwiftPackageReference "Alamofire" */;
			productName = Alamofire;
		};
/* End XCSwiftPackageProductDependency section */
	};
	rootObject = 764772902AFD56F4009CAE3D /* Project object */;
}
